# @generated by Move, please check-in and do not edit manually.

[move]
version = 3
manifest_digest = "D6B9E1F05B1F918B2508E72CCC80CD35F67AEDED579816F02D712C68DA475E38"
deps_digest = "060AD7E57DFB13104F21BE5F5C3759D03F0553FC3229247D9A7A6B45F50D03A3"
dependencies = [
  { id = "Iota", name = "Iota" },
  { id = "MoveStdlib", name = "MoveStdlib" },
  { id = "ith", name = "ith" },
]

[[move.package]]
id = "Iota"
source = { git = "https://github.com/iotaledger/iota.git", rev = "v0.11.6-rc", subdir = "crates/iota-framework/packages/iota-framework" }

dependencies = [
  { id = "MoveStdlib", name = "MoveStdlib" },
]

[[move.package]]
id = "MoveStdlib"
source = { git = "https://github.com/iotaledger/iota.git", rev = "v0.11.6-rc", subdir = "crates/iota-framework/packages/move-stdlib" }

[[move.package]]
id = "ith"
source = { local = "../backend/ith/ith.move" }

dependencies = [
  { id = "Iota", name = "Iota" },
  { id = "MoveStdlib", name = "MoveStdlib" },
]

[move.toolchain-version]
compiler-version = "0.11.6-rc"
edition = "2024.beta"
flavor = "iota"

[env]

[env.testnet]
chain-id = "2304aa97"
original-published-id = "0x82c70d248ddf9c1bddb26b332702e32921e5603a944069e63b6180fbcc7db57f"
latest-published-id = "0x82c70d248ddf9c1bddb26b332702e32921e5603a944069e63b6180fbcc7db57f"
published-version = "1"
