# @generated by Move, please check-in and do not edit manually.

[move]
version = 3
manifest_digest = "D8E8EB95141D99C0192C3EA6ADC4E47FAE53FA319FEF98B4D5AB1959FC5E2C85"
deps_digest = "060AD7E57DFB13104F21BE5F5C3759D03F0553FC3229247D9A7A6B45F50D03A3"
dependencies = [
  { id = "Iota", name = "Iota" },
  { id = "MoveStdlib", name = "MoveStdlib" },
  { id = "ith", name = "ith" },
]

[[move.package]]
id = "Iota"
source = { git = "https://github.com/iotaledger/iota.git", rev = "v0.11.6-rc", subdir = "crates/iota-framework/packages/iota-framework" }

dependencies = [
  { id = "MoveStdlib", name = "MoveStdlib" },
]

[[move.package]]
id = "MoveStdlib"
source = { git = "https://github.com/iotaledger/iota.git", rev = "v0.11.6-rc", subdir = "crates/iota-framework/packages/move-stdlib" }

[[move.package]]
id = "ith"
source = { local = "/Users/valeriomellini/source-code/iota/dpp-demonstrator/backend/ith/ith.move" }

dependencies = [
  { id = "Iota", name = "Iota" },
  { id = "MoveStdlib", name = "MoveStdlib" },
]

[move.toolchain-version]
compiler-version = "0.11.6-rc"
edition = "2024.beta"
flavor = "iota"

[env]

[env.testnet]
chain-id = "2304aa97"
original-published-id = "0x4ea3a4ee137ace4c9174d0b354f233540406eb9cca3cbc54d76f213fb83b94ce"
latest-published-id = "0x4ea3a4ee137ace4c9174d0b354f233540406eb9cca3cbc54d76f213fb83b94ce"
published-version = "1"
