# @generated by Move, please check-in and do not edit manually.

[move]
version = 3
manifest_digest = "9D23FEECC3D7EAC93DAA7E45D1D1F319E5976A0AE1CEE575C77225CDD9A92087"
deps_digest = "060AD7E57DFB13104F21BE5F5C3759D03F0553FC3229247D9A7A6B45F50D03A3"
dependencies = [
  { id = "Iota", name = "Iota" },
  { id = "MoveStdlib", name = "MoveStdlib" },
  { id = "ith", name = "ith" },
]

[[move.package]]
id = "Iota"
source = { git = "https://github.com/iotaledger/iota.git", rev = "v0.12.0-rc", subdir = "crates/iota-framework/packages/iota-framework" }

dependencies = [
  { id = "MoveStdlib", name = "MoveStdlib" },
]

[[move.package]]
id = "MoveStdlib"
source = { git = "https://github.com/iotaledger/iota.git", rev = "v0.12.0-rc", subdir = "crates/iota-framework/packages/move-stdlib" }

[[move.package]]
id = "ith"
source = { local = "../backend/ith/ith.move" }

dependencies = [
  { id = "Iota", name = "Iota" },
  { id = "MoveStdlib", name = "MoveStdlib" },
]

[move.toolchain-version]
compiler-version = "1.2.2-rc"
edition = "2024.beta"
flavor = "iota"

[env]

[env.testnet]
chain-id = "2304aa97"
original-published-id = "0x881be889c37a144012d80fcac211107e3c5237007bb7ca89bf78cf6d0a507650"
latest-published-id = "0x881be889c37a144012d80fcac211107e3c5237007bb7ca89bf78cf6d0a507650"
published-version = "1"
